// !$*UTF8*$!
{
	archiveVersion = 1;
	classes = {
	};
	objectVersion = 77;
	objects = {

/* Begin PBXBuildFile section */
		066E8530487F67BB74F4ED3B /* Pods_myTestProject_myTestProjectUITests.framework in Frameworks */ = {isa = PBXBuildFile; fileRef = DDABB8A03A2BA83302C0C3E9 /* Pods_myTestProject_myTestProjectUITests.framework */; };
		9077E4C03502ABE2F58A5137 /* Pods_myTestProject.framework in Frameworks */ = {isa = PBXBuildFile; fileRef = 6842DB82202B23C753D9240E /* Pods_myTestProject.framework */; };
		D291A6F8DD5F8D26BD55B850 /* Pods_myTestProjectTests.framework in Frameworks */ = {isa = PBXBuildFile; fileRef = DF0E92F8CA5628660935A777 /* Pods_myTestProjectTests.framework */; };
/* End PBXBuildFile section */

/* Begin PBXContainerItemProxy section */
		E0CBE8C72D2E612C00B419D2 /* PBXContainerItemProxy */ = {
			isa = PBXContainerItemProxy;
			containerPortal = E0CBE8A52D2E612B00B419D2 /* Project object */;
			proxyType = 1;
			remoteGlobalIDString = E0CBE8AC2D2E612B00B419D2;
			remoteInfo = myTestProject;
		};
		E0CBE8D12D2E612C00B419D2 /* PBXContainerItemProxy */ = {
			isa = PBXContainerItemProxy;
			containerPortal = E0CBE8A52D2E612B00B419D2 /* Project object */;
			proxyType = 1;
			remoteGlobalIDString = E0CBE8AC2D2E612B00B419D2;
			remoteInfo = myTestProject;
		};
/* End PBXContainerItemProxy section */

/* Begin PBXFileReference section */
		1F44FE02C150BF1677F7BE73 /* Pods-myTestProject-myTestProjectUITests.release.xcconfig */ = {isa = PBXFileReference; includeInIndex = 1; lastKnownFileType = text.xcconfig; name = "Pods-myTestProject-myTestProjectUITests.release.xcconfig"; path = "Target Support Files/Pods-myTestProject-myTestProjectUITests/Pods-myTestProject-myTestProjectUITests.release.xcconfig"; sourceTree = "<group>"; };
		28F29FFC49460B62D53B2E2A /* Pods-myTestProjectTests.debug.xcconfig */ = {isa = PBXFileReference; includeInIndex = 1; lastKnownFileType = text.xcconfig; name = "Pods-myTestProjectTests.debug.xcconfig"; path = "Target Support Files/Pods-myTestProjectTests/Pods-myTestProjectTests.debug.xcconfig"; sourceTree = "<group>"; };
		6842DB82202B23C753D9240E /* Pods_myTestProject.framework */ = {isa = PBXFileReference; explicitFileType = wrapper.framework; includeInIndex = 0; path = Pods_myTestProject.framework; sourceTree = BUILT_PRODUCTS_DIR; };
		77171078E902B034CD5BF00E /* Pods-myTestProject-myTestProjectUITests.debug.xcconfig */ = {isa = PBXFileReference; includeInIndex = 1; lastKnownFileType = text.xcconfig; name = "Pods-myTestProject-myTestProjectUITests.debug.xcconfig"; path = "Target Support Files/Pods-myTestProject-myTestProjectUITests/Pods-myTestProject-myTestProjectUITests.debug.xcconfig"; sourceTree = "<group>"; };
		7AB4A5559A1E0AA9CF1B47CA /* Pods-myTestProject.debug.xcconfig */ = {isa = PBXFileReference; includeInIndex = 1; lastKnownFileType = text.xcconfig; name = "Pods-myTestProject.debug.xcconfig"; path = "Target Support Files/Pods-myTestProject/Pods-myTestProject.debug.xcconfig"; sourceTree = "<group>"; };
		9CB50EAFC2E84464AB73895B /* Pods-myTestProject.release.xcconfig */ = {isa = PBXFileReference; includeInIndex = 1; lastKnownFileType = text.xcconfig; name = "Pods-myTestProject.release.xcconfig"; path = "Target Support Files/Pods-myTestProject/Pods-myTestProject.release.xcconfig"; sourceTree = "<group>"; };
		DDABB8A03A2BA83302C0C3E9 /* Pods_myTestProject_myTestProjectUITests.framework */ = {isa = PBXFileReference; explicitFileType = wrapper.framework; includeInIndex = 0; path = Pods_myTestProject_myTestProjectUITests.framework; sourceTree = BUILT_PRODUCTS_DIR; };
		DF0E92F8CA5628660935A777 /* Pods_myTestProjectTests.framework */ = {isa = PBXFileReference; explicitFileType = wrapper.framework; includeInIndex = 0; path = Pods_myTestProjectTests.framework; sourceTree = BUILT_PRODUCTS_DIR; };
		E0CBE8AD2D2E612B00B419D2 /* myTestProject.app */ = {isa = PBXFileReference; explicitFileType = wrapper.application; includeInIndex = 0; path = myTestProject.app; sourceTree = BUILT_PRODUCTS_DIR; };
		E0CBE8C62D2E612C00B419D2 /* myTestProjectTests.xctest */ = {isa = PBXFileReference; explicitFileType = wrapper.cfbundle; includeInIndex = 0; path = myTestProjectTests.xctest; sourceTree = BUILT_PRODUCTS_DIR; };
		E0CBE8D02D2E612C00B419D2 /* myTestProjectUITests.xctest */ = {isa = PBXFileReference; explicitFileType = wrapper.cfbundle; includeInIndex = 0; path = myTestProjectUITests.xctest; sourceTree = BUILT_PRODUCTS_DIR; };
		ED2ACFCC39255E57B3A30AB7 /* Pods-myTestProjectTests.release.xcconfig */ = {isa = PBXFileReference; includeInIndex = 1; lastKnownFileType = text.xcconfig; name = "Pods-myTestProjectTests.release.xcconfig"; path = "Target Support Files/Pods-myTestProjectTests/Pods-myTestProjectTests.release.xcconfig"; sourceTree = "<group>"; };
/* End PBXFileReference section */

/* Begin PBXFileSystemSynchronizedBuildFileExceptionSet section */
		E0CBE8D82D2E612C00B419D2 /* Exceptions for "myTestProject" folder in "myTestProject" target */ = {
			isa = PBXFileSystemSynchronizedBuildFileExceptionSet;
			membershipExceptions = (
				Info.plist,
			);
			target = E0CBE8AC2D2E612B00B419D2 /* myTestProject */;
		};
/* End PBXFileSystemSynchronizedBuildFileExceptionSet section */

/* Begin PBXFileSystemSynchronizedRootGroup section */
		E0CBE8AF2D2E612B00B419D2 /* myTestProject */ = {
			isa = PBXFileSystemSynchronizedRootGroup;
			exceptions = (
				E0CBE8D82D2E612C00B419D2 /* Exceptions for "myTestProject" folder in "myTestProject" target */,
			);
			path = myTestProject;
			sourceTree = "<group>";
		};
		E0CBE8C92D2E612C00B419D2 /* myTestProjectTests */ = {
			isa = PBXFileSystemSynchronizedRootGroup;
			exceptions = (
			);
			path = myTestProjectTests;
			sourceTree = "<group>";
		};
		E0CBE8D32D2E612C00B419D2 /* myTestProjectUITests */ = {
			isa = PBXFileSystemSynchronizedRootGroup;
			exceptions = (
			);
			path = myTestProjectUITests;
			sourceTree = "<group>";
		};
/* End PBXFileSystemSynchronizedRootGroup section */

/* Begin PBXFrameworksBuildPhase section */
		E0CBE8AA2D2E612B00B419D2 /* Frameworks */ = {
			isa = PBXFrameworksBuildPhase;
			buildActionMask = 2147483647;
			files = (
				9077E4C03502ABE2F58A5137 /* Pods_myTestProject.framework in Frameworks */,
			);
			runOnlyForDeploymentPostprocessing = 0;
		};
		E0CBE8C32D2E612C00B419D2 /* Frameworks */ = {
			isa = PBXFrameworksBuildPhase;
			buildActionMask = 2147483647;
			files = (
				D291A6F8DD5F8D26BD55B850 /* Pods_myTestProjectTests.framework in Frameworks */,
			);
			runOnlyForDeploymentPostprocessing = 0;
		};
		E0CBE8CD2D2E612C00B419D2 /* Frameworks */ = {
			isa = PBXFrameworksBuildPhase;
			buildActionMask = 2147483647;
			files = (
				066E8530487F67BB74F4ED3B /* Pods_myTestProject_myTestProjectUITests.framework in Frameworks */,
			);
			runOnlyForDeploymentPostprocessing = 0;
		};
/* End PBXFrameworksBuildPhase section */

/* Begin PBXGroup section */
		766266BE0B5FFE6B3FC6D625 /* Pods */ = {
			isa = PBXGroup;
			children = (
				7AB4A5559A1E0AA9CF1B47CA /* Pods-myTestProject.debug.xcconfig */,
				9CB50EAFC2E84464AB73895B /* Pods-myTestProject.release.xcconfig */,
				77171078E902B034CD5BF00E /* Pods-myTestProject-myTestProjectUITests.debug.xcconfig */,
				1F44FE02C150BF1677F7BE73 /* Pods-myTestProject-myTestProjectUITests.release.xcconfig */,
				28F29FFC49460B62D53B2E2A /* Pods-myTestProjectTests.debug.xcconfig */,
				ED2ACFCC39255E57B3A30AB7 /* Pods-myTestProjectTests.release.xcconfig */,
			);
			name = Pods;
			path = Pods;
			sourceTree = "<group>";
		};
		8E1990DD421FE811E8BB1C37 /* Frameworks */ = {
			isa = PBXGroup;
			children = (
				6842DB82202B23C753D9240E /* Pods_myTestProject.framework */,
				DDABB8A03A2BA83302C0C3E9 /* Pods_myTestProject_myTestProjectUITests.framework */,
				DF0E92F8CA5628660935A777 /* Pods_myTestProjectTests.framework */,
			);
			name = Frameworks;
			sourceTree = "<group>";
		};
		E0CBE8A42D2E612B00B419D2 = {
			isa = PBXGroup;
			children = (
				E0CBE8AF2D2E612B00B419D2 /* myTestProject */,
				E0CBE8C92D2E612C00B419D2 /* myTestProjectTests */,
				E0CBE8D32D2E612C00B419D2 /* myTestProjectUITests */,
				E0CBE8AE2D2E612B00B419D2 /* Products */,
				766266BE0B5FFE6B3FC6D625 /* Pods */,
				8E1990DD421FE811E8BB1C37 /* Frameworks */,
			);
			sourceTree = "<group>";
		};
		E0CBE8AE2D2E612B00B419D2 /* Products */ = {
			isa = PBXGroup;
			children = (
				E0CBE8AD2D2E612B00B419D2 /* myTestProject.app */,
				E0CBE8C62D2E612C00B419D2 /* myTestProjectTests.xctest */,
				E0CBE8D02D2E612C00B419D2 /* myTestProjectUITests.xctest */,
			);
			name = Products;
			sourceTree = "<group>";
		};
/* End PBXGroup section */

/* Begin PBXNativeTarget section */
		E0CBE8AC2D2E612B00B419D2 /* myTestProject */ = {
			isa = PBXNativeTarget;
			buildConfigurationList = E0CBE8D92D2E612C00B419D2 /* Build configuration list for PBXNativeTarget "myTestProject" */;
			buildPhases = (
				D8EE18D1162710D22BDAC35C /* [CP] Check Pods Manifest.lock */,
				E0CBE8A92D2E612B00B419D2 /* Sources */,
				E0CBE8AA2D2E612B00B419D2 /* Frameworks */,
				E0CBE8AB2D2E612B00B419D2 /* Resources */,
				B5B073BB8119452E8BF56FD9 /* [CP] Embed Pods Frameworks */,
			);
			buildRules = (
			);
			dependencies = (
			);
			fileSystemSynchronizedGroups = (
				E0CBE8AF2D2E612B00B419D2 /* myTestProject */,
			);
			name = myTestProject;
			productName = myTestProject;
			productReference = E0CBE8AD2D2E612B00B419D2 /* myTestProject.app */;
			productType = "com.apple.product-type.application";
		};
		E0CBE8C52D2E612C00B419D2 /* myTestProjectTests */ = {
			isa = PBXNativeTarget;
			buildConfigurationList = E0CBE8DE2D2E612C00B419D2 /* Build configuration list for PBXNativeTarget "myTestProjectTests" */;
			buildPhases = (
				AF0F6BC2A9E86E1C2EB21BD7 /* [CP] Check Pods Manifest.lock */,
				E0CBE8C22D2E612C00B419D2 /* Sources */,
				E0CBE8C32D2E612C00B419D2 /* Frameworks */,
				E0CBE8C42D2E612C00B419D2 /* Resources */,
			);
			buildRules = (
			);
			dependencies = (
				E0CBE8C82D2E612C00B419D2 /* PBXTargetDependency */,
			);
			fileSystemSynchronizedGroups = (
				E0CBE8C92D2E612C00B419D2 /* myTestProjectTests */,
			);
			name = myTestProjectTests;
			productName = myTestProjectTests;
			productReference = E0CBE8C62D2E612C00B419D2 /* myTestProjectTests.xctest */;
			productType = "com.apple.product-type.bundle.unit-test";
		};
		E0CBE8CF2D2E612C00B419D2 /* myTestProjectUITests */ = {
			isa = PBXNativeTarget;
			buildConfigurationList = E0CBE8E12D2E612C00B419D2 /* Build configuration list for PBXNativeTarget "myTestProjectUITests" */;
			buildPhases = (
				D3DCA263E8FED744D9E34AC7 /* [CP] Check Pods Manifest.lock */,
				E0CBE8CC2D2E612C00B419D2 /* Sources */,
				E0CBE8CD2D2E612C00B419D2 /* Frameworks */,
				E0CBE8CE2D2E612C00B419D2 /* Resources */,
				36981C66D0D3F6C29FF0F6FB /* [CP] Embed Pods Frameworks */,
			);
			buildRules = (
			);
			dependencies = (
				E0CBE8D22D2E612C00B419D2 /* PBXTargetDependency */,
			);
			fileSystemSynchronizedGroups = (
				E0CBE8D32D2E612C00B419D2 /* myTestProjectUITests */,
			);
			name = myTestProjectUITests;
			productName = myTestProjectUITests;
			productReference = E0CBE8D02D2E612C00B419D2 /* myTestProjectUITests.xctest */;
			productType = "com.apple.product-type.bundle.ui-testing";
		};
/* End PBXNativeTarget section */

/* Begin PBXProject section */
		E0CBE8A52D2E612B00B419D2 /* Project object */ = {
			isa = PBXProject;
			attributes = {
				BuildIndependentTargetsInParallel = 1;
				LastSwiftUpdateCheck = 1620;
				LastUpgradeCheck = 1620;
				TargetAttributes = {
					E0CBE8AC2D2E612B00B419D2 = {
						CreatedOnToolsVersion = 16.2;
					};
					E0CBE8C52D2E612C00B419D2 = {
						CreatedOnToolsVersion = 16.2;
						TestTargetID = E0CBE8AC2D2E612B00B419D2;
					};
					E0CBE8CF2D2E612C00B419D2 = {
						CreatedOnToolsVersion = 16.2;
						TestTargetID = E0CBE8AC2D2E612B00B419D2;
					};
				};
			};
			buildConfigurationList = E0CBE8A82D2E612B00B419D2 /* Build configuration list for PBXProject "myTestProject" */;
			developmentRegion = en;
			hasScannedForEncodings = 0;
			knownRegions = (
				en,
				Base,
			);
			mainGroup = E0CBE8A42D2E612B00B419D2;
			minimizedProjectReferenceProxies = 1;
			preferredProjectObjectVersion = 77;
			productRefGroup = E0CBE8AE2D2E612B00B419D2 /* Products */;
			projectDirPath = "";
			projectRoot = "";
			targets = (
				E0CBE8AC2D2E612B00B419D2 /* myTestProject */,
				E0CBE8C52D2E612C00B419D2 /* myTestProjectTests */,
				E0CBE8CF2D2E612C00B419D2 /* myTestProjectUITests */,
			);
		};
/* End PBXProject section */

/* Begin PBXResourcesBuildPhase section */
		E0CBE8AB2D2E612B00B419D2 /* Resources */ = {
			isa = PBXResourcesBuildPhase;
			buildActionMask = 2147483647;
			files = (
			);
			runOnlyForDeploymentPostprocessing = 0;
		};
		E0CBE8C42D2E612C00B419D2 /* Resources */ = {
			isa = PBXResourcesBuildPhase;
			buildActionMask = 2147483647;
			files = (
			);
			runOnlyForDeploymentPostprocessing = 0;
		};
		E0CBE8CE2D2E612C00B419D2 /* Resources */ = {
			isa = PBXResourcesBuildPhase;
			buildActionMask = 2147483647;
			files = (
			);
			runOnlyForDeploymentPostprocessing = 0;
		};
/* End PBXResourcesBuildPhase section */

/* Begin PBXShellScriptBuildPhase section */
		36981C66D0D3F6C29FF0F6FB /* [CP] Embed Pods Frameworks */ = {
			isa = PBXShellScriptBuildPhase;
			buildActionMask = 2147483647;
			files = (
			);
			inputFileListPaths = (
				"${PODS_ROOT}/Target Support Files/Pods-myTestProject-myTestProjectUITests/Pods-myTestProject-myTestProjectUITests-frameworks-${CONFIGURATION}-input-files.xcfilelist",
			);
			name = "[CP] Embed Pods Frameworks";
			outputFileListPaths = (
				"${PODS_ROOT}/Target Support Files/Pods-myTestProject-myTestProjectUITests/Pods-myTestProject-myTestProjectUITests-frameworks-${CONFIGURATION}-output-files.xcfilelist",
			);
			runOnlyForDeploymentPostprocessing = 0;
			shellPath = /bin/sh;
			shellScript = "\"${PODS_ROOT}/Target Support Files/Pods-myTestProject-myTestProjectUITests/Pods-myTestProject-myTestProjectUITests-frameworks.sh\"\n";
			showEnvVarsInLog = 0;
		};
		AF0F6BC2A9E86E1C2EB21BD7 /* [CP] Check Pods Manifest.lock */ = {
			isa = PBXShellScriptBuildPhase;
			buildActionMask = 2147483647;
			files = (
			);
			inputFileListPaths = (
			);
			inputPaths = (
				"${PODS_PODFILE_DIR_PATH}/Podfile.lock",
				"${PODS_ROOT}/Manifest.lock",
			);
			name = "[CP] Check Pods Manifest.lock";
			outputFileListPaths = (
			);
			outputPaths = (
				"$(DERIVED_FILE_DIR)/Pods-myTestProjectTests-checkManifestLockResult.txt",
			);
			runOnlyForDeploymentPostprocessing = 0;
			shellPath = /bin/sh;
			shellScript = "diff \"${PODS_PODFILE_DIR_PATH}/Podfile.lock\" \"${PODS_ROOT}/Manifest.lock\" > /dev/null\nif [ $? != 0 ] ; then\n    # print error to STDERR\n    echo \"error: The sandbox is not in sync with the Podfile.lock. Run 'pod install' or update your CocoaPods installation.\" >&2\n    exit 1\nfi\n# This output is used by Xcode 'outputs' to avoid re-running this script phase.\necho \"SUCCESS\" > \"${SCRIPT_OUTPUT_FILE_0}\"\n";
			showEnvVarsInLog = 0;
		};
		B5B073BB8119452E8BF56FD9 /* [CP] Embed Pods Frameworks */ = {
			isa = PBXShellScriptBuildPhase;
			buildActionMask = 2147483647;
			files = (
			);
			inputFileListPaths = (
				"${PODS_ROOT}/Target Support Files/Pods-myTestProject/Pods-myTestProject-frameworks-${CONFIGURATION}-input-files.xcfilelist",
			);
			name = "[CP] Embed Pods Frameworks";
			outputFileListPaths = (
				"${PODS_ROOT}/Target Support Files/Pods-myTestProject/Pods-myTestProject-frameworks-${CONFIGURATION}-output-files.xcfilelist",
			);
			runOnlyForDeploymentPostprocessing = 0;
			shellPath = /bin/sh;
			shellScript = "\"${PODS_ROOT}/Target Support Files/Pods-myTestProject/Pods-myTestProject-frameworks.sh\"\n";
			showEnvVarsInLog = 0;
		};
		D3DCA263E8FED744D9E34AC7 /* [CP] Check Pods Manifest.lock */ = {
			isa = PBXShellScriptBuildPhase;
			buildActionMask = 2147483647;
			files = (
			);
			inputFileListPaths = (
			);
			inputPaths = (
				"${PODS_PODFILE_DIR_PATH}/Podfile.lock",
				"${PODS_ROOT}/Manifest.lock",
			);
			name = "[CP] Check Pods Manifest.lock";
			outputFileListPaths = (
			);
			outputPaths = (
				"$(DERIVED_FILE_DIR)/Pods-myTestProject-myTestProjectUITests-checkManifestLockResult.txt",
			);
			runOnlyForDeploymentPostprocessing = 0;
			shellPath = /bin/sh;
			shellScript = "diff \"${PODS_PODFILE_DIR_PATH}/Podfile.lock\" \"${PODS_ROOT}/Manifest.lock\" > /dev/null\nif [ $? != 0 ] ; then\n    # print error to STDERR\n    echo \"error: The sandbox is not in sync with the Podfile.lock. Run 'pod install' or update your CocoaPods installation.\" >&2\n    exit 1\nfi\n# This output is used by Xcode 'outputs' to avoid re-running this script phase.\necho \"SUCCESS\" > \"${SCRIPT_OUTPUT_FILE_0}\"\n";
			showEnvVarsInLog = 0;
		};
		D8EE18D1162710D22BDAC35C /* [CP] Check Pods Manifest.lock */ = {
			isa = PBXShellScriptBuildPhase;
			buildActionMask = 2147483647;
			files = (
			);
			inputFileListPaths = (
			);
			inputPaths = (
				"${PODS_PODFILE_DIR_PATH}/Podfile.lock",
				"${PODS_ROOT}/Manifest.lock",
			);
			name = "[CP] Check Pods Manifest.lock";
			outputFileListPaths = (
			);
			outputPaths = (
				"$(DERIVED_FILE_DIR)/Pods-myTestProject-checkManifestLockResult.txt",
			);
			runOnlyForDeploymentPostprocessing = 0;
			shellPath = /bin/sh;
			shellScript = "diff \"${PODS_PODFILE_DIR_PATH}/Podfile.lock\" \"${PODS_ROOT}/Manifest.lock\" > /dev/null\nif [ $? != 0 ] ; then\n    # print error to STDERR\n    echo \"error: The sandbox is not in sync with the Podfile.lock. Run 'pod install' or update your CocoaPods installation.\" >&2\n    exit 1\nfi\n# This output is used by Xcode 'outputs' to avoid re-running this script phase.\necho \"SUCCESS\" > \"${SCRIPT_OUTPUT_FILE_0}\"\n";
			showEnvVarsInLog = 0;
		};
/* End PBXShellScriptBuildPhase section */

/* Begin PBXSourcesBuildPhase section */
		E0CBE8A92D2E612B00B419D2 /* Sources */ = {
			isa = PBXSourcesBuildPhase;
			buildActionMask = 2147483647;
			files = (
			);
			runOnlyForDeploymentPostprocessing = 0;
		};
		E0CBE8C22D2E612C00B419D2 /* Sources */ = {
			isa = PBXSourcesBuildPhase;
			buildActionMask = 2147483647;
			files = (
			);
			runOnlyForDeploymentPostprocessing = 0;
		};
		E0CBE8CC2D2E612C00B419D2 /* Sources */ = {
			isa = PBXSourcesBuildPhase;
			buildActionMask = 2147483647;
			files = (
			);
			runOnlyForDeploymentPostprocessing = 0;
		};
/* End PBXSourcesBuildPhase section */

/* Begin PBXTargetDependency section */
		E0CBE8C82D2E612C00B419D2 /* PBXTargetDependency */ = {
			isa = PBXTargetDependency;
			target = E0CBE8AC2D2E612B00B419D2 /* myTestProject */;
			targetProxy = E0CBE8C72D2E612C00B419D2 /* PBXContainerItemProxy */;
		};
		E0CBE8D22D2E612C00B419D2 /* PBXTargetDependency */ = {
			isa = PBXTargetDependency;
			target = E0CBE8AC2D2E612B00B419D2 /* myTestProject */;
			targetProxy = E0CBE8D12D2E612C00B419D2 /* PBXContainerItemProxy */;
		};
/* End PBXTargetDependency section */

/* Begin XCBuildConfiguration section */
		E0CBE8DA2D2E612C00B419D2 /* Debug */ = {
			isa = XCBuildConfiguration;
			baseConfigurationReference = 7AB4A5559A1E0AA9CF1B47CA /* Pods-myTestProject.debug.xcconfig */;
			buildSettings = {
				ASSETCATALOG_COMPILER_APPICON_NAME = AppIcon;
				ASSETCATALOG_COMPILER_GLOBAL_ACCENT_COLOR_NAME = AccentColor;
				CODE_SIGN_STYLE = Automatic;
				CURRENT_PROJECT_VERSION = 1;
				GENERATE_INFOPLIST_FILE = YES;
				INFOPLIST_FILE = myTestProject/Info.plist;
				INFOPLIST_KEY_UIApplicationSupportsIndirectInputEvents = YES;
				INFOPLIST_KEY_UILaunchStoryboardName = LaunchScreen;
				INFOPLIST_KEY_UIMainStoryboardFile = Main;
				INFOPLIST_KEY_UISupportedInterfaceOrientations_iPad = "UIInterfaceOrientationPortrait UIInterfaceOrientationPortraitUpsideDown UIInterfaceOrientationLandscapeLeft UIInterfaceOrientationLandscapeRight";
				INFOPLIST_KEY_UISupportedInterfaceOrientations_iPhone = "UIInterfaceOrientationPortrait UIInterfaceOrientationLandscapeLeft UIInterfaceOrientationLandscapeRight";
				LD_RUNPATH_SEARCH_PATHS = (
					"$(inherited)",
					"@executable_path/Frameworks",
				);
				MARKETING_VERSION = 1.0;
				PRODUCT_BUNDLE_IDENTIFIER = meghana.kallepalli.myTestProject;
				PRODUCT_NAME = "$(TARGET_NAME)";
				SWIFT_EMIT_LOC_STRINGS = YES;
				SWIFT_VERSION = 5.0;
				TARGETED_DEVICE_FAMILY = "1,2";
			};
			name = Debug;
		};
		E0CBE8DB2D2E612C00B419D2 /* Release */ = {
			isa = XCBuildConfiguration;
			baseConfigurationReference = 9CB50EAFC2E84464AB73895B /* Pods-myTestProject.release.xcconfig */;
			buildSettings = {
				ASSETCATALOG_COMPILER_APPICON_NAME = AppIcon;
				ASSETCATALOG_COMPILER_GLOBAL_ACCENT_COLOR_NAME = AccentColor;
				CODE_SIGN_STYLE = Automatic;
				CURRENT_PROJECT_VERSION = 1;
				GENERATE_INFOPLIST_FILE = YES;
				INFOPLIST_FILE = myTestProject/Info.plist;
				INFOPLIST_KEY_UIApplicationSupportsIndirectInputEvents = YES;
				INFOPLIST_KEY_UILaunchStoryboardName = LaunchScreen;
				INFOPLIST_KEY_UIMainStoryboardFile = Main;
				INFOPLIST_KEY_UISupportedInterfaceOrientations_iPad = "UIInterfaceOrientationPortrait UIInterfaceOrientationPortraitUpsideDown UIInterfaceOrientationLandscapeLeft UIInterfaceOrientationLandscapeRight";
				INFOPLIST_KEY_UISupportedInterfaceOrientations_iPhone = "UIInterfaceOrientationPortrait UIInterfaceOrientationLandscapeLeft UIInterfaceOrientationLandscapeRight";
				LD_RUNPATH_SEARCH_PATHS = (
					"$(inherited)",
					"@executable_path/Frameworks",
				);
				MARKETING_VERSION = 1.0;
				PRODUCT_BUNDLE_IDENTIFIER = meghana.kallepalli.myTestProject;
				PRODUCT_NAME = "$(TARGET_NAME)";
				SWIFT_EMIT_LOC_STRINGS = YES;
				SWIFT_VERSION = 5.0;
				TARGETED_DEVICE_FAMILY = "1,2";
			};
			name = Release;
		};
		E0CBE8DC2D2E612C00B419D2 /* Debug */ = {
			isa = XCBuildConfiguration;
			buildSettings = {
				ALWAYS_SEARCH_USER_PATHS = NO;
				ASSETCATALOG_COMPILER_GENERATE_SWIFT_ASSET_SYMBOL_EXTENSIONS = YES;
				CLANG_ANALYZER_NONNULL = YES;
				CLANG_ANALYZER_NUMBER_OBJECT_CONVERSION = YES_AGGRESSIVE;
				CLANG_CXX_LANGUAGE_STANDARD = "gnu++20";
				CLANG_ENABLE_MODULES = YES;
				CLANG_ENABLE_OBJC_ARC = YES;
				CLANG_ENABLE_OBJC_WEAK = YES;
				CLANG_WARN_BLOCK_CAPTURE_AUTORELEASING = YES;
				CLANG_WARN_BOOL_CONVERSION = YES;
				CLANG_WARN_COMMA = YES;
				CLANG_WARN_CONSTANT_CONVERSION = YES;
				CLANG_WARN_DEPRECATED_OBJC_IMPLEMENTATIONS = YES;
				CLANG_WARN_DIRECT_OBJC_ISA_USAGE = YES_ERROR;
				CLANG_WARN_DOCUMENTATION_COMMENTS = YES;
				CLANG_WARN_EMPTY_BODY = YES;
				CLANG_WARN_ENUM_CONVERSION = YES;
				CLANG_WARN_INFINITE_RECURSION = YES;
				CLANG_WARN_INT_CONVERSION = YES;
				CLANG_WARN_NON_LITERAL_NULL_CONVERSION = YES;
				CLANG_WARN_OBJC_IMPLICIT_RETAIN_SELF = YES;
				CLANG_WARN_OBJC_LITERAL_CONVERSION = YES;
				CLANG_WARN_OBJC_ROOT_CLASS = YES_ERROR;
				CLANG_WARN_QUOTED_INCLUDE_IN_FRAMEWORK_HEADER = YES;
				CLANG_WARN_RANGE_LOOP_ANALYSIS = YES;
				CLANG_WARN_STRICT_PROTOTYPES = YES;
				CLANG_WARN_SUSPICIOUS_MOVE = YES;
				CLANG_WARN_UNGUARDED_AVAILABILITY = YES_AGGRESSIVE;
				CLANG_WARN_UNREACHABLE_CODE = YES;
				CLANG_WARN__DUPLICATE_METHOD_MATCH = YES;
				COPY_PHASE_STRIP = NO;
				DEBUG_INFORMATION_FORMAT = dwarf;
				ENABLE_STRICT_OBJC_MSGSEND = YES;
				ENABLE_TESTABILITY = YES;
				ENABLE_USER_SCRIPT_SANDBOXING = YES;
				GCC_C_LANGUAGE_STANDARD = gnu17;
				GCC_DYNAMIC_NO_PIC = NO;
				GCC_NO_COMMON_BLOCKS = YES;
				GCC_OPTIMIZATION_LEVEL = 0;
				GCC_PREPROCESSOR_DEFINITIONS = (
					"DEBUG=1",
					"$(inherited)",
				);
				GCC_WARN_64_TO_32_BIT_CONVERSION = YES;
				GCC_WARN_ABOUT_RETURN_TYPE = YES_ERROR;
				GCC_WARN_UNDECLARED_SELECTOR = YES;
				GCC_WARN_UNINITIALIZED_AUTOS = YES_AGGRESSIVE;
				GCC_WARN_UNUSED_FUNCTION = YES;
				GCC_WARN_UNUSED_VARIABLE = YES;
				IPHONEOS_DEPLOYMENT_TARGET = 18.2;
				LOCALIZATION_PREFERS_STRING_CATALOGS = YES;
				MTL_ENABLE_DEBUG_INFO = INCLUDE_SOURCE;
				MTL_FAST_MATH = YES;
				ONLY_ACTIVE_ARCH = YES;
				SDKROOT = iphoneos;
				SWIFT_ACTIVE_COMPILATION_CONDITIONS = "DEBUG $(inherited)";
				SWIFT_OPTIMIZATION_LEVEL = "-Onone";
			};
			name = Debug;
		};
		E0CBE8DD2D2E612C00B419D2 /* Release */ = {
			isa = XCBuildConfiguration;
			buildSettings = {
				ALWAYS_SEARCH_USER_PATHS = NO;
				ASSETCATALOG_COMPILER_GENERATE_SWIFT_ASSET_SYMBOL_EXTENSIONS = YES;
				CLANG_ANALYZER_NONNULL = YES;
				CLANG_ANALYZER_NUMBER_OBJECT_CONVERSION = YES_AGGRESSIVE;
				CLANG_CXX_LANGUAGE_STANDARD = "gnu++20";
				CLANG_ENABLE_MODULES = YES;
				CLANG_ENABLE_OBJC_ARC = YES;
				CLANG_ENABLE_OBJC_WEAK = YES;
				CLANG_WARN_BLOCK_CAPTURE_AUTORELEASING = YES;
				CLANG_WARN_BOOL_CONVERSION = YES;
				CLANG_WARN_COMMA = YES;
				CLANG_WARN_CONSTANT_CONVERSION = YES;
				CLANG_WARN_DEPRECATED_OBJC_IMPLEMENTATIONS = YES;
				CLANG_WARN_DIRECT_OBJC_ISA_USAGE = YES_ERROR;
				CLANG_WARN_DOCUMENTATION_COMMENTS = YES;
				CLANG_WARN_EMPTY_BODY = YES;
				CLANG_WARN_ENUM_CONVERSION = YES;
				CLANG_WARN_INFINITE_RECURSION = YES;
				CLANG_WARN_INT_CONVERSION = YES;
				CLANG_WARN_NON_LITERAL_NULL_CONVERSION = YES;
				CLANG_WARN_OBJC_IMPLICIT_RETAIN_SELF = YES;
				CLANG_WARN_OBJC_LITERAL_CONVERSION = YES;
				CLANG_WARN_OBJC_ROOT_CLASS = YES_ERROR;
				CLANG_WARN_QUOTED_INCLUDE_IN_FRAMEWORK_HEADER = YES;
				CLANG_WARN_RANGE_LOOP_ANALYSIS = YES;
				CLANG_WARN_STRICT_PROTOTYPES = YES;
				CLANG_WARN_SUSPICIOUS_MOVE = YES;
				CLANG_WARN_UNGUARDED_AVAILABILITY = YES_AGGRESSIVE;
				CLANG_WARN_UNREACHABLE_CODE = YES;
				CLANG_WARN__DUPLICATE_METHOD_MATCH = YES;
				COPY_PHASE_STRIP = NO;
				DEBUG_INFORMATION_FORMAT = "dwarf-with-dsym";
				ENABLE_NS_ASSERTIONS = NO;
				ENABLE_STRICT_OBJC_MSGSEND = YES;
				ENABLE_USER_SCRIPT_SANDBOXING = YES;
				GCC_C_LANGUAGE_STANDARD = gnu17;
				GCC_NO_COMMON_BLOCKS = YES;
				GCC_WARN_64_TO_32_BIT_CONVERSION = YES;
				GCC_WARN_ABOUT_RETURN_TYPE = YES_ERROR;
				GCC_WARN_UNDECLARED_SELECTOR = YES;
				GCC_WARN_UNINITIALIZED_AUTOS = YES_AGGRESSIVE;
				GCC_WARN_UNUSED_FUNCTION = YES;
				GCC_WARN_UNUSED_VARIABLE = YES;
				IPHONEOS_DEPLOYMENT_TARGET = 18.2;
				LOCALIZATION_PREFERS_STRING_CATALOGS = YES;
				MTL_ENABLE_DEBUG_INFO = NO;
				MTL_FAST_MATH = YES;
				SDKROOT = iphoneos;
				SWIFT_COMPILATION_MODE = wholemodule;
				VALIDATE_PRODUCT = YES;
			};
			name = Release;
		};
		E0CBE8DF2D2E612C00B419D2 /* Debug */ = {
			isa = XCBuildConfiguration;
			baseConfigurationReference = 28F29FFC49460B62D53B2E2A /* Pods-myTestProjectTests.debug.xcconfig */;
			buildSettings = {
				BUNDLE_LOADER = "$(TEST_HOST)";
				CODE_SIGN_STYLE = Automatic;
				CURRENT_PROJECT_VERSION = 1;
				GENERATE_INFOPLIST_FILE = YES;
				IPHONEOS_DEPLOYMENT_TARGET = 18.2;
				MARKETING_VERSION = 1.0;
				PRODUCT_BUNDLE_IDENTIFIER = meghana.kallepalli.myTestProjectTests;
				PRODUCT_NAME = "$(TARGET_NAME)";
				SWIFT_EMIT_LOC_STRINGS = NO;
				SWIFT_VERSION = 5.0;
				TARGETED_DEVICE_FAMILY = "1,2";
				TEST_HOST = "$(BUILT_PRODUCTS_DIR)/myTestProject.app/$(BUNDLE_EXECUTABLE_FOLDER_PATH)/myTestProject";
			};
			name = Debug;
		};
		E0CBE8E02D2E612C00B419D2 /* Release */ = {
			isa = XCBuildConfiguration;
			baseConfigurationReference = ED2ACFCC39255E57B3A30AB7 /* Pods-myTestProjectTests.release.xcconfig */;
			buildSettings = {
				BUNDLE_LOADER = "$(TEST_HOST)";
				CODE_SIGN_STYLE = Automatic;
				CURRENT_PROJECT_VERSION = 1;
				GENERATE_INFOPLIST_FILE = YES;
				IPHONEOS_DEPLOYMENT_TARGET = 18.2;
				MARKETING_VERSION = 1.0;
				PRODUCT_BUNDLE_IDENTIFIER = meghana.kallepalli.myTestProjectTests;
				PRODUCT_NAME = "$(TARGET_NAME)";
				SWIFT_EMIT_LOC_STRINGS = NO;
				SWIFT_VERSION = 5.0;
				TARGETED_DEVICE_FAMILY = "1,2";
				TEST_HOST = "$(BUILT_PRODUCTS_DIR)/myTestProject.app/$(BUNDLE_EXECUTABLE_FOLDER_PATH)/myTestProject";
			};
			name = Release;
		};
		E0CBE8E22D2E612C00B419D2 /* Debug */ = {
			isa = XCBuildConfiguration;
			baseConfigurationReference = 77171078E902B034CD5BF00E /* Pods-myTestProject-myTestProjectUITests.debug.xcconfig */;
			buildSettings = {
				CODE_SIGN_STYLE = Automatic;
				CURRENT_PROJECT_VERSION = 1;
				GENERATE_INFOPLIST_FILE = YES;
				MARKETING_VERSION = 1.0;
				PRODUCT_BUNDLE_IDENTIFIER = meghana.kallepalli.myTestProjectUITests;
				PRODUCT_NAME = "$(TARGET_NAME)";
				SWIFT_EMIT_LOC_STRINGS = NO;
				SWIFT_VERSION = 5.0;
				TARGETED_DEVICE_FAMILY = "1,2";
				TEST_TARGET_NAME = myTestProject;
			};
			name = Debug;
		};
		E0CBE8E32D2E612C00B419D2 /* Release */ = {
			isa = XCBuildConfiguration;
			baseConfigurationReference = 1F44FE02C150BF1677F7BE73 /* Pods-myTestProject-myTestProjectUITests.release.xcconfig */;
			buildSettings = {
				CODE_SIGN_STYLE = Automatic;
				CURRENT_PROJECT_VERSION = 1;
				GENERATE_INFOPLIST_FILE = YES;
				MARKETING_VERSION = 1.0;
				PRODUCT_BUNDLE_IDENTIFIER = meghana.kallepalli.myTestProjectUITests;
				PRODUCT_NAME = "$(TARGET_NAME)";
				SWIFT_EMIT_LOC_STRINGS = NO;
				SWIFT_VERSION = 5.0;
				TARGETED_DEVICE_FAMILY = "1,2";
				TEST_TARGET_NAME = myTestProject;
			};
			name = Release;
		};
/* End XCBuildConfiguration section */

/* Begin XCConfigurationList section */
		E0CBE8A82D2E612B00B419D2 /* Build configuration list for PBXProject "myTestProject" */ = {
			isa = XCConfigurationList;
			buildConfigurations = (
				E0CBE8DC2D2E612C00B419D2 /* Debug */,
				E0CBE8DD2D2E612C00B419D2 /* Release */,
			);
			defaultConfigurationIsVisible = 0;
			defaultConfigurationName = Release;
		};
		E0CBE8D92D2E612C00B419D2 /* Build configuration list for PBXNativeTarget "myTestProject" */ = {
			isa = XCConfigurationList;
			buildConfigurations = (
				E0CBE8DA2D2E612C00B419D2 /* Debug */,
				E0CBE8DB2D2E612C00B419D2 /* Release */,
			);
			defaultConfigurationIsVisible = 0;
			defaultConfigurationName = Release;
		};
		E0CBE8DE2D2E612C00B419D2 /* Build configuration list for PBXNativeTarget "myTestProjectTests" */ = {
			isa = XCConfigurationList;
			buildConfigurations = (
				E0CBE8DF2D2E612C00B419D2 /* Debug */,
				E0CBE8E02D2E612C00B419D2 /* Release */,
			);
			defaultConfigurationIsVisible = 0;
			defaultConfigurationName = Release;
		};
		E0CBE8E12D2E612C00B419D2 /* Build configuration list for PBXNativeTarget "myTestProjectUITests" */ = {
			isa = XCConfigurationList;
			buildConfigurations = (
				E0CBE8E22D2E612C00B419D2 /* Debug */,
				E0CBE8E32D2E612C00B419D2 /* Release */,
			);
			defaultConfigurationIsVisible = 0;
			defaultConfigurationName = Release;
		};
/* End XCConfigurationList section */
	};
	rootObject = E0CBE8A52D2E612B00B419D2 /* Project object */;
}
