// !$*UTF8*$!
{
	archiveVersion = 1;
	classes = {
	};
	objectVersion = 77;
	objects = {

/* Begin PBXContainerItemProxy section */
		E0CBE8C72D2E612C00B419D2 /* PBXContainerItemProxy */ = {
			isa = PBXContainerItemProxy;
			containerPortal = E0CBE8A52D2E612B00B419D2 /* Project object */;
			proxyType = 1;
			remoteGlobalIDString = E0CBE8AC2D2E612B00B419D2;
			remoteInfo = myTestProject;
		};
		E0CBE8D12D2E612C00B419D2 /* PBXContainerItemProxy */ = {
			isa = PBXContainerItemProxy;
			containerPortal = E0CBE8A52D2E612B00B419D2 /* Project object */;
			proxyType = 1;
			remoteGlobalIDString = E0CBE8AC2D2E612B00B419D2;
			remoteInfo = myTestProject;
		};
/* End PBXContainerItemProxy section */

/* Begin PBXFileReference section */
		E0CBE8AD2D2E612B00B419D2 /* myTestProject.app */ = {isa = PBXFileReference; explicitFileType = wrapper.application; includeInIndex = 0; path = myTestProject.app; sourceTree = BUILT_PRODUCTS_DIR; };
		E0CBE8C62D2E612C00B419D2 /* myTestProjectTests.xctest */ = {isa = PBXFileReference; explicitFileType = wrapper.cfbundle; includeInIndex = 0; path = myTestProjectTests.xctest; sourceTree = BUILT_PRODUCTS_DIR; };
		E0CBE8D02D2E612C00B419D2 /* myTestProjectUITests.xctest */ = {isa = PBXFileReference; explicitFileType = wrapper.cfbundle; includeInIndex = 0; path = myTestProjectUITests.xctest; sourceTree = BUILT_PRODUCTS_DIR; };
/* End PBXFileReference section */

/* Begin PBXFileSystemSynchronizedBuildFileExceptionSet section */
		E0CBE8D82D2E612C00B419D2 /* Exceptions for "myTestProject" folder in "myTestProject" target */ = {
			isa = PBXFileSystemSynchronizedBuildFileExceptionSet;
			membershipExceptions = (
				Info.plist,
			);
			target = E0CBE8AC2D2E612B00B419D2 /* myTestProject */;
		};
/* End PBXFileSystemSynchronizedBuildFileExceptionSet section */

/* Begin PBXFileSystemSynchronizedRootGroup section */
		E0CBE8AF2D2E612B00B419D2 /* myTestProject */ = {
			isa = PBXFileSystemSynchronizedRootGroup;
			exceptions = (
				E0CBE8D82D2E612C00B419D2 /* Exceptions for "myTestProject" folder in "myTestProject" target */,
			);
			path = myTestProject;
			sourceTree = "<group>";
		};
		E0CBE8C92D2E612C00B419D2 /* myTestProjectTests */ = {
			isa = PBXFileSystemSynchronizedRootGroup;
			path = myTestProjectTests;
			sourceTree = "<group>";
		};
		E0CBE8D32D2E612C00B419D2 /* myTestProjectUITests */ = {
			isa = PBXFileSystemSynchronizedRootGroup;
			path = myTestProjectUITests;
			sourceTree = "<group>";
		};
/* End PBXFileSystemSynchronizedRootGroup section */

/* Begin PBXFrameworksBuildPhase section */
		E0CBE8AA2D2E612B00B419D2 /* Frameworks */ = {
			isa = PBXFrameworksBuildPhase;
			buildActionMask = 2147483647;
			files = (
			);
			runOnlyForDeploymentPostprocessing = 0;
		};
		E0CBE8C32D2E612C00B419D2 /* Frameworks */ = {
			isa = PBXFrameworksBuildPhase;
			buildActionMask = 2147483647;
			files = (
			);
			runOnlyForDeploymentPostprocessing = 0;
		};
		E0CBE8CD2D2E612C00B419D2 /* Frameworks */ = {
			isa = PBXFrameworksBuildPhase;
			buildActionMask = 2147483647;
			files = (
			);
			runOnlyForDeploymentPostprocessing = 0;
		};
/* End PBXFrameworksBuildPhase section */

/* Begin PBXGroup section */
		E0CBE8A42D2E612B00B419D2 = {
			isa = PBXGroup;
			children = (
				E0CBE8AF2D2E612B00B419D2 /* myTestProject */,
				E0CBE8C92D2E612C00B419D2 /* myTestProjectTests */,
				E0CBE8D32D2E612C00B419D2 /* myTestProjectUITests */,
				E0CBE8AE2D2E612B00B419D2 /* Products */,
			);
			sourceTree = "<group>";
		};
		E0CBE8AE2D2E612B00B419D2 /* Products */ = {
			isa = PBXGroup;
			children = (
				E0CBE8AD2D2E612B00B419D2 /* myTestProject.app */,
				E0CBE8C62D2E612C00B419D2 /* myTestProjectTests.xctest */,
				E0CBE8D02D2E612C00B419D2 /* myTestProjectUITests.xctest */,
			);
			name = Products;
			sourceTree = "<group>";
		};
/* End PBXGroup section */

/* Begin PBXNativeTarget section */
		E0CBE8AC2D2E612B00B419D2 /* myTestProject */ = {
			isa = PBXNativeTarget;
			buildConfigurationList = E0CBE8D92D2E612C00B419D2 /* Build configuration list for PBXNativeTarget "myTestProject" */;
			buildPhases = (
				E0CBE8A92D2E612B00B419D2 /* Sources */,
				E0CBE8AA2D2E612B00B419D2 /* Frameworks */,
				E0CBE8AB2D2E612B00B419D2 /* Resources */,
			);
			buildRules = (
			);
			dependencies = (
			);
			fileSystemSynchronizedGroups = (
				E0CBE8AF2D2E612B00B419D2 /* myTestProject */,
			);
			name = myTestProject;
			packageProductDependencies = (
			);
			productName = myTestProject;
			productReference = E0CBE8AD2D2E612B00B419D2 /* myTestProject.app */;
			productType = "com.apple.product-type.application";
		};
		E0CBE8C52D2E612C00B419D2 /* myTestProjectTests */ = {
			isa = PBXNativeTarget;
			buildConfigurationList = E0CBE8DE2D2E612C00B419D2 /* Build configuration list for PBXNativeTarget "myTestProjectTests" */;
			buildPhases = (
				E0CBE8C22D2E612C00B419D2 /* Sources */,
				E0CBE8C32D2E612C00B419D2 /* Frameworks */,
				E0CBE8C42D2E612C00B419D2 /* Resources */,
			);
			buildRules = (
			);
			dependencies = (
				E0CBE8C82D2E612C00B419D2 /* PBXTargetDependency */,
			);
			fileSystemSynchronizedGroups = (
				E0CBE8C92D2E612C00B419D2 /* myTestProjectTests */,
			);
			name = myTestProjectTests;
			packageProductDependencies = (
			);
			productName = myTestProjectTests;
			productReference = E0CBE8C62D2E612C00B419D2 /* myTestProjectTests.xctest */;
			productType = "com.apple.product-type.bundle.unit-test";
		};
		E0CBE8CF2D2E612C00B419D2 /* myTestProjectUITests */ = {
			isa = PBXNativeTarget;
			buildConfigurationList = E0CBE8E12D2E612C00B419D2 /* Build configuration list for PBXNativeTarget "myTestProjectUITests" */;
			buildPhases = (
				E0CBE8CC2D2E612C00B419D2 /* Sources */,
				E0CBE8CD2D2E612C00B419D2 /* Frameworks */,
				E0CBE8CE2D2E612C00B419D2 /* Resources */,
			);
			buildRules = (
			);
			dependencies = (
				E0CBE8D22D2E612C00B419D2 /* PBXTargetDependency */,
			);
			fileSystemSynchronizedGroups = (
				E0CBE8D32D2E612C00B419D2 /* myTestProjectUITests */,
			);
			name = myTestProjectUITests;
			packageProductDependencies = (
			);
			productName = myTestProjectUITests;
			productReference = E0CBE8D02D2E612C00B419D2 /* myTestProjectUITests.xctest */;
			productType = "com.apple.product-type.bundle.ui-testing";
		};
/* End PBXNativeTarget section */

/* Begin PBXProject section */
		E0CBE8A52D2E612B00B419D2 /* Project object */ = {
			isa = PBXProject;
			attributes = {
				BuildIndependentTargetsInParallel = 1;
				LastSwiftUpdateCheck = 1620;
				LastUpgradeCheck = 1620;
				TargetAttributes = {
					E0CBE8AC2D2E612B00B419D2 = {
						CreatedOnToolsVersion = 16.2;
					};
					E0CBE8C52D2E612C00B419D2 = {
						CreatedOnToolsVersion = 16.2;
						TestTargetID = E0CBE8AC2D2E612B00B419D2;
					};
					E0CBE8CF2D2E612C00B419D2 = {
						CreatedOnToolsVersion = 16.2;
						TestTargetID = E0CBE8AC2D2E612B00B419D2;
					};
				};
			};
			buildConfigurationList = E0CBE8A82D2E612B00B419D2 /* Build configuration list for PBXProject "myTestProject" */;
			developmentRegion = en;
			hasScannedForEncodings = 0;
			knownRegions = (
				en,
				Base,
			);
			mainGroup = E0CBE8A42D2E612B00B419D2;
			minimizedProjectReferenceProxies = 1;
			preferredProjectObjectVersion = 77;
			productRefGroup = E0CBE8AE2D2E612B00B419D2 /* Products */;
			projectDirPath = "";
			projectRoot = "";
			targets = (
				E0CBE8AC2D2E612B00B419D2 /* myTestProject */,
				E0CBE8C52D2E612C00B419D2 /* myTestProjectTests */,
				E0CBE8CF2D2E612C00B419D2 /* myTestProjectUITests */,
			);
		};
/* End PBXProject section */

/* Begin PBXResourcesBuildPhase section */
		E0CBE8AB2D2E612B00B419D2 /* Resources */ = {
			isa = PBXResourcesBuildPhase;
			buildActionMask = 2147483647;
			files = (
			);
			runOnlyForDeploymentPostprocessing = 0;
		};
		E0CBE8C42D2E612C00B419D2 /* Resources */ = {
			isa = PBXResourcesBuildPhase;
			buildActionMask = 2147483647;
			files = (
			);
			runOnlyForDeploymentPostprocessing = 0;
		};
		E0CBE8CE2D2E612C00B419D2 /* Resources */ = {
			isa = PBXResourcesBuildPhase;
			buildActionMask = 2147483647;
			files = (
			);
			runOnlyForDeploymentPostprocessing = 0;
		};
/* End PBXResourcesBuildPhase section */

/* Begin PBXSourcesBuildPhase section */
		E0CBE8A92D2E612B00B419D2 /* Sources */ = {
			isa = PBXSourcesBuildPhase;
			buildActionMask = 2147483647;
			files = (
			);
			runOnlyForDeploymentPostprocessing = 0;
		};
		E0CBE8C22D2E612C00B419D2 /* Sources */ = {
			isa = PBXSourcesBuildPhase;
			buildActionMask = 2147483647;
			files = (
			);
			runOnlyForDeploymentPostprocessing = 0;
		};
		E0CBE8CC2D2E612C00B419D2 /* Sources */ = {
			isa = PBXSourcesBuildPhase;
			buildActionMask = 2147483647;
			files = (
			);
			runOnlyForDeploymentPostprocessing = 0;
		};
/* End PBXSourcesBuildPhase section */

/* Begin PBXTargetDependency section */
		E0CBE8C82D2E612C00B419D2 /* PBXTargetDependency */ = {
			isa = PBXTargetDependency;
			target = E0CBE8AC2D2E612B00B419D2 /* myTestProject */;
			targetProxy = E0CBE8C72D2E612C00B419D2 /* PBXContainerItemProxy */;
		};
		E0CBE8D22D2E612C00B419D2 /* PBXTargetDependency */ = {
			isa = PBXTargetDependency;
			target = E0CBE8AC2D2E612B00B419D2 /* myTestProject */;
			targetProxy = E0CBE8D12D2E612C00B419D2 /* PBXContainerItemProxy */;
		};
/* End PBXTargetDependency section */

/* Begin XCBuildConfiguration section */
		E0CBE8DA2D2E612C00B419D2 /* Debug */ = {
			isa = XCBuildConfiguration;
			buildSettings = {
				ASSETCATALOG_COMPILER_APPICON_NAME = AppIcon;
				ASSETCATALOG_COMPILER_GLOBAL_ACCENT_COLOR_NAME = AccentColor;
				CODE_SIGN_STYLE = Automatic;
				CURRENT_PROJECT_VERSION = 1;
				GENERATE_INFOPLIST_FILE = YES;
				INFOPLIST_FILE = myTestProject/Info.plist;
				INFOPLIST_KEY_UIApplicationSupportsIndirectInputEvents = YES;
				INFOPLIST_KEY_UILaunchStoryboardName = LaunchScreen;
				INFOPLIST_KEY_UIMainStoryboardFile = Main;
				INFOPLIST_KEY_UISupportedInterfaceOrientations_iPad = "UIInterfaceOrientationPortrait UIInterfaceOrientationPortraitUpsideDown UIInterfaceOrientationLandscapeLeft UIInterfaceOrientationLandscapeRight";
				INFOPLIST_KEY_UISupportedInterfaceOrientations_iPhone = "UIInterfaceOrientationPortrait UIInterfaceOrientationLandscapeLeft UIInterfaceOrientationLandscapeRight";
				LD_RUNPATH_SEARCH_PATHS = (
					"$(inherited)",
					"@executable_path/Frameworks",
				);
				MARKETING_VERSION = 1.0;
				PRODUCT_BUNDLE_IDENTIFIER = meghana.kallepalli.myTestProject;
				PRODUCT_NAME = "$(TARGET_NAME)";
				SWIFT_EMIT_LOC_STRINGS = YES;
				SWIFT_VERSION = 5.0;
				TARGETED_DEVICE_FAMILY = "1,2";
			};
			name = Debug;
		};
		E0CBE8DB2D2E612C00B419D2 /* Release */ = {
			isa = XCBuildConfiguration;
			buildSettings = {
				ASSETCATALOG_COMPILER_APPICON_NAME = AppIcon;
				ASSETCATALOG_COMPILER_GLOBAL_ACCENT_COLOR_NAME = AccentColor;
				CODE_SIGN_STYLE = Automatic;
				CURRENT_PROJECT_VERSION = 1;
				GENERATE_INFOPLIST_FILE = YES;
				INFOPLIST_FILE = myTestProject/Info.plist;
				INFOPLIST_KEY_UIApplicationSupportsIndirectInputEvents = YES;
				INFOPLIST_KEY_UILaunchStoryboardName = LaunchScreen;
				INFOPLIST_KEY_UIMainStoryboardFile = Main;
				INFOPLIST_KEY_UISupportedInterfaceOrientations_iPad = "UIInterfaceOrientationPortrait UIInterfaceOrientationPortraitUpsideDown UIInterfaceOrientationLandscapeLeft UIInterfaceOrientationLandscapeRight";
				INFOPLIST_KEY_UISupportedInterfaceOrientations_iPhone = "UIInterfaceOrientationPortrait UIInterfaceOrientationLandscapeLeft UIInterfaceOrientationLandscapeRight";
				LD_RUNPATH_SEARCH_PATHS = (
					"$(inherited)",
					"@executable_path/Frameworks",
				);
				MARKETING_VERSION = 1.0;
				PRODUCT_BUNDLE_IDENTIFIER = meghana.kallepalli.myTestProject;
				PRODUCT_NAME = "$(TARGET_NAME)";
				SWIFT_EMIT_LOC_STRINGS = YES;
				SWIFT_VERSION = 5.0;
				TARGETED_DEVICE_FAMILY = "1,2";
			};
			name = Release;
		};
		E0CBE8DC2D2E612C00B419D2 /* Debug */ = {
			isa = XCBuildConfiguration;
			buildSettings = {
				ALWAYS_SEARCH_USER_PATHS = NO;
				ASSETCATALOG_COMPILER_GENERATE_SWIFT_ASSET_SYMBOL_EXTENSIONS = YES;
				CLANG_ANALYZER_NONNULL = YES;
				CLANG_ANALYZER_NUMBER_OBJECT_CONVERSION = YES_AGGRESSIVE;
				CLANG_CXX_LANGUAGE_STANDARD = "gnu++20";
				CLANG_ENABLE_MODULES = YES;
				CLANG_ENABLE_OBJC_ARC = YES;
				CLANG_ENABLE_OBJC_WEAK = YES;
				CLANG_WARN_BLOCK_CAPTURE_AUTORELEASING = YES;
				CLANG_WARN_BOOL_CONVERSION = YES;
				CLANG_WARN_COMMA = YES;
				CLANG_WARN_CONSTANT_CONVERSION = YES;
				CLANG_WARN_DEPRECATED_OBJC_IMPLEMENTATIONS = YES;
				CLANG_WARN_DIRECT_OBJC_ISA_USAGE = YES_ERROR;
				CLANG_WARN_DOCUMENTATION_COMMENTS = YES;
				CLANG_WARN_EMPTY_BODY = YES;
				CLANG_WARN_ENUM_CONVERSION = YES;
				CLANG_WARN_INFINITE_RECURSION = YES;
				CLANG_WARN_INT_CONVERSION = YES;
				CLANG_WARN_NON_LITERAL_NULL_CONVERSION = YES;
				CLANG_WARN_OBJC_IMPLICIT_RETAIN_SELF = YES;
				CLANG_WARN_OBJC_LITERAL_CONVERSION = YES;
				CLANG_WARN_OBJC_ROOT_CLASS = YES_ERROR;
				CLANG_WARN_QUOTED_INCLUDE_IN_FRAMEWORK_HEADER = YES;
				CLANG_WARN_RANGE_LOOP_ANALYSIS = YES;
				CLANG_WARN_STRICT_PROTOTYPES = YES;
				CLANG_WARN_SUSPICIOUS_MOVE = YES;
				CLANG_WARN_UNGUARDED_AVAILABILITY = YES_AGGRESSIVE;
				CLANG_WARN_UNREACHABLE_CODE = YES;
				CLANG_WARN__DUPLICATE_METHOD_MATCH = YES;
				COPY_PHASE_STRIP = NO;
				DEBUG_INFORMATION_FORMAT = dwarf;
				ENABLE_STRICT_OBJC_MSGSEND = YES;
				ENABLE_TESTABILITY = YES;
				ENABLE_USER_SCRIPT_SANDBOXING = YES;
				GCC_C_LANGUAGE_STANDARD = gnu17;
				GCC_DYNAMIC_NO_PIC = NO;
				GCC_NO_COMMON_BLOCKS = YES;
				GCC_OPTIMIZATION_LEVEL = 0;
				GCC_PREPROCESSOR_DEFINITIONS = (
					"DEBUG=1",
					"$(inherited)",
				);
				GCC_WARN_64_TO_32_BIT_CONVERSION = YES;
				GCC_WARN_ABOUT_RETURN_TYPE = YES_ERROR;
				GCC_WARN_UNDECLARED_SELECTOR = YES;
				GCC_WARN_UNINITIALIZED_AUTOS = YES_AGGRESSIVE;
				GCC_WARN_UNUSED_FUNCTION = YES;
				GCC_WARN_UNUSED_VARIABLE = YES;
				IPHONEOS_DEPLOYMENT_TARGET = 18.2;
				LOCALIZATION_PREFERS_STRING_CATALOGS = YES;
				MTL_ENABLE_DEBUG_INFO = INCLUDE_SOURCE;
				MTL_FAST_MATH = YES;
				ONLY_ACTIVE_ARCH = YES;
				SDKROOT = iphoneos;
				SWIFT_ACTIVE_COMPILATION_CONDITIONS = "DEBUG $(inherited)";
				SWIFT_OPTIMIZATION_LEVEL = "-Onone";
			};
			name = Debug;
		};
		E0CBE8DD2D2E612C00B419D2 /* Release */ = {
			isa = XCBuildConfiguration;
			buildSettings = {
				ALWAYS_SEARCH_USER_PATHS = NO;
				ASSETCATALOG_COMPILER_GENERATE_SWIFT_ASSET_SYMBOL_EXTENSIONS = YES;
				CLANG_ANALYZER_NONNULL = YES;
				CLANG_ANALYZER_NUMBER_OBJECT_CONVERSION = YES_AGGRESSIVE;
				CLANG_CXX_LANGUAGE_STANDARD = "gnu++20";
				CLANG_ENABLE_MODULES = YES;
				CLANG_ENABLE_OBJC_ARC = YES;
				CLANG_ENABLE_OBJC_WEAK = YES;
				CLANG_WARN_BLOCK_CAPTURE_AUTORELEASING = YES;
				CLANG_WARN_BOOL_CONVERSION = YES;
				CLANG_WARN_COMMA = YES;
				CLANG_WARN_CONSTANT_CONVERSION = YES;
				CLANG_WARN_DEPRECATED_OBJC_IMPLEMENTATIONS = YES;
				CLANG_WARN_DIRECT_OBJC_ISA_USAGE = YES_ERROR;
				CLANG_WARN_DOCUMENTATION_COMMENTS = YES;
				CLANG_WARN_EMPTY_BODY = YES;
				CLANG_WARN_ENUM_CONVERSION = YES;
				CLANG_WARN_INFINITE_RECURSION = YES;
				CLANG_WARN_INT_CONVERSION = YES;
				CLANG_WARN_NON_LITERAL_NULL_CONVERSION = YES;
				CLANG_WARN_OBJC_IMPLICIT_RETAIN_SELF = YES;
				CLANG_WARN_OBJC_LITERAL_CONVERSION = YES;
				CLANG_WARN_OBJC_ROOT_CLASS = YES_ERROR;
				CLANG_WARN_QUOTED_INCLUDE_IN_FRAMEWORK_HEADER = YES;
				CLANG_WARN_RANGE_LOOP_ANALYSIS = YES;
				CLANG_WARN_STRICT_PROTOTYPES = YES;
				CLANG_WARN_SUSPICIOUS_MOVE = YES;
				CLANG_WARN_UNGUARDED_AVAILABILITY = YES_AGGRESSIVE;
				CLANG_WARN_UNREACHABLE_CODE = YES;
				CLANG_WARN__DUPLICATE_METHOD_MATCH = YES;
				COPY_PHASE_STRIP = NO;
				DEBUG_INFORMATION_FORMAT = "dwarf-with-dsym";
				ENABLE_NS_ASSERTIONS = NO;
				ENABLE_STRICT_OBJC_MSGSEND = YES;
				ENABLE_USER_SCRIPT_SANDBOXING = YES;
				GCC_C_LANGUAGE_STANDARD = gnu17;
				GCC_NO_COMMON_BLOCKS = YES;
				GCC_WARN_64_TO_32_BIT_CONVERSION = YES;
				GCC_WARN_ABOUT_RETURN_TYPE = YES_ERROR;
				GCC_WARN_UNDECLARED_SELECTOR = YES;
				GCC_WARN_UNINITIALIZED_AUTOS = YES_AGGRESSIVE;
				GCC_WARN_UNUSED_FUNCTION = YES;
				GCC_WARN_UNUSED_VARIABLE = YES;
				IPHONEOS_DEPLOYMENT_TARGET = 18.2;
				LOCALIZATION_PREFERS_STRING_CATALOGS = YES;
				MTL_ENABLE_DEBUG_INFO = NO;
				MTL_FAST_MATH = YES;
				SDKROOT = iphoneos;
				SWIFT_COMPILATION_MODE = wholemodule;
				VALIDATE_PRODUCT = YES;
			};
			name = Release;
		};
		E0CBE8DF2D2E612C00B419D2 /* Debug */ = {
			isa = XCBuildConfiguration;
			buildSettings = {
				BUNDLE_LOADER = "$(TEST_HOST)";
				CODE_SIGN_STYLE = Automatic;
				CURRENT_PROJECT_VERSION = 1;
				GENERATE_INFOPLIST_FILE = YES;
				IPHONEOS_DEPLOYMENT_TARGET = 18.2;
				MARKETING_VERSION = 1.0;
				PRODUCT_BUNDLE_IDENTIFIER = meghana.kallepalli.myTestProjectTests;
				PRODUCT_NAME = "$(TARGET_NAME)";
				SWIFT_EMIT_LOC_STRINGS = NO;
				SWIFT_VERSION = 5.0;
				TARGETED_DEVICE_FAMILY = "1,2";
				TEST_HOST = "$(BUILT_PRODUCTS_DIR)/myTestProject.app/$(BUNDLE_EXECUTABLE_FOLDER_PATH)/myTestProject";
			};
			name = Debug;
		};
		E0CBE8E02D2E612C00B419D2 /* Release */ = {
			isa = XCBuildConfiguration;
			buildSettings = {
				BUNDLE_LOADER = "$(TEST_HOST)";
				CODE_SIGN_STYLE = Automatic;
				CURRENT_PROJECT_VERSION = 1;
				GENERATE_INFOPLIST_FILE = YES;
				IPHONEOS_DEPLOYMENT_TARGET = 18.2;
				MARKETING_VERSION = 1.0;
				PRODUCT_BUNDLE_IDENTIFIER = meghana.kallepalli.myTestProjectTests;
				PRODUCT_NAME = "$(TARGET_NAME)";
				SWIFT_EMIT_LOC_STRINGS = NO;
				SWIFT_VERSION = 5.0;
				TARGETED_DEVICE_FAMILY = "1,2";
				TEST_HOST = "$(BUILT_PRODUCTS_DIR)/myTestProject.app/$(BUNDLE_EXECUTABLE_FOLDER_PATH)/myTestProject";
			};
			name = Release;
		};
		E0CBE8E22D2E612C00B419D2 /* Debug */ = {
			isa = XCBuildConfiguration;
			buildSettings = {
				CODE_SIGN_STYLE = Automatic;
				CURRENT_PROJECT_VERSION = 1;
				GENERATE_INFOPLIST_FILE = YES;
				MARKETING_VERSION = 1.0;
				PRODUCT_BUNDLE_IDENTIFIER = meghana.kallepalli.myTestProjectUITests;
				PRODUCT_NAME = "$(TARGET_NAME)";
				SWIFT_EMIT_LOC_STRINGS = NO;
				SWIFT_VERSION = 5.0;
				TARGETED_DEVICE_FAMILY = "1,2";
				TEST_TARGET_NAME = myTestProject;
			};
			name = Debug;
		};
		E0CBE8E32D2E612C00B419D2 /* Release */ = {
			isa = XCBuildConfiguration;
			buildSettings = {
				CODE_SIGN_STYLE = Automatic;
				CURRENT_PROJECT_VERSION = 1;
				GENERATE_INFOPLIST_FILE = YES;
				MARKETING_VERSION = 1.0;
				PRODUCT_BUNDLE_IDENTIFIER = meghana.kallepalli.myTestProjectUITests;
				PRODUCT_NAME = "$(TARGET_NAME)";
				SWIFT_EMIT_LOC_STRINGS = NO;
				SWIFT_VERSION = 5.0;
				TARGETED_DEVICE_FAMILY = "1,2";
				TEST_TARGET_NAME = myTestProject;
			};
			name = Release;
		};
/* End XCBuildConfiguration section */

/* Begin XCConfigurationList section */
		E0CBE8A82D2E612B00B419D2 /* Build configuration list for PBXProject "myTestProject" */ = {
			isa = XCConfigurationList;
			buildConfigurations = (
				E0CBE8DC2D2E612C00B419D2 /* Debug */,
				E0CBE8DD2D2E612C00B419D2 /* Release */,
			);
			defaultConfigurationIsVisible = 0;
			defaultConfigurationName = Release;
		};
		E0CBE8D92D2E612C00B419D2 /* Build configuration list for PBXNativeTarget "myTestProject" */ = {
			isa = XCConfigurationList;
			buildConfigurations = (
				E0CBE8DA2D2E612C00B419D2 /* Debug */,
				E0CBE8DB2D2E612C00B419D2 /* Release */,
			);
			defaultConfigurationIsVisible = 0;
			defaultConfigurationName = Release;
		};
		E0CBE8DE2D2E612C00B419D2 /* Build configuration list for PBXNativeTarget "myTestProjectTests" */ = {
			isa = XCConfigurationList;
			buildConfigurations = (
				E0CBE8DF2D2E612C00B419D2 /* Debug */,
				E0CBE8E02D2E612C00B419D2 /* Release */,
			);
			defaultConfigurationIsVisible = 0;
			defaultConfigurationName = Release;
		};
		E0CBE8E12D2E612C00B419D2 /* Build configuration list for PBXNativeTarget "myTestProjectUITests" */ = {
			isa = XCConfigurationList;
			buildConfigurations = (
				E0CBE8E22D2E612C00B419D2 /* Debug */,
				E0CBE8E32D2E612C00B419D2 /* Release */,
			);
			defaultConfigurationIsVisible = 0;
			defaultConfigurationName = Release;
		};
/* End XCConfigurationList section */
	};
	rootObject = E0CBE8A52D2E612B00B419D2 /* Project object */;
}
